
Microsoft Visual Studio Solution File, Format Version 12.00
# Visual Studio Version 17
VisualStudioVersion = 17.6.33829.357
MinimumVisualStudioVersion = 10.0.40219.1
Project("{00D1A9C2-B5F0-4AF3-8072-F6C62B433612}") = "HotelAppDB", "HotelAppDB\HotelAppDB.sqlproj", "{42FD1813-01DF-40EB-81DB-716FC75AC108}"
EndProject
Project("{FAE04EC0-301F-11D3-BF4B-00C04F79EFBC}") = "HotelAppLibrary", "HotelAppLibrary\HotelAppLibrary.csproj", "{576F3B62-7237-4487-B82E-D5827C47C394}"
EndProject
Global
	GlobalSection(SolutionConfigurationPlatforms) = preSolution
		Debug|Any CPU = Debug|Any CPU
		Release|Any CPU = Release|Any CPU
	EndGlobalSection
	GlobalSection(ProjectConfigurationPlatforms) = postSolution
		{42FD1813-01DF-40EB-81DB-716FC75AC108}.Debug|Any CPU.ActiveCfg = Debug|Any CPU
		{42FD1813-01DF-40EB-81DB-716FC75AC108}.Debug|Any CPU.Build.0 = Debug|Any CPU
		{42FD1813-01DF-40EB-81DB-716FC75AC108}.Debug|Any CPU.Deploy.0 = Debug|Any CPU
		{42FD1813-01DF-40EB-81DB-716FC75AC108}.Release|Any CPU.ActiveCfg = Release|Any CPU
		{42FD1813-01DF-40EB-81DB-716FC75AC108}.Release|Any CPU.Build.0 = Release|Any CPU
		{42FD1813-01DF-40EB-81DB-716FC75AC108}.Release|Any CPU.Deploy.0 = Release|Any CPU
		{576F3B62-7237-4487-B82E-D5827C47C394}.Debug|Any CPU.ActiveCfg = Debug|Any CPU
		{576F3B62-7237-4487-B82E-D5827C47C394}.Debug|Any CPU.Build.0 = Debug|Any CPU
		{576F3B62-7237-4487-B82E-D5827C47C394}.Release|Any CPU.ActiveCfg = Release|Any CPU
		{576F3B62-7237-4487-B82E-D5827C47C394}.Release|Any CPU.Build.0 = Release|Any CPU
	EndGlobalSection
	GlobalSection(SolutionProperties) = preSolution
		HideSolutionNode = FALSE
	EndGlobalSection
	GlobalSection(ExtensibilityGlobals) = postSolution
		SolutionGuid = {30EF2F97-32DA-436A-9404-D67A7588552A}
	EndGlobalSection
EndGlobal
